
Microsoft Visual Studio Solution File, Format Version 11.00
# Visual Studio 2010
Project("{FAE04EC0-301F-11D3-BF4B-00C04F79EFBC}") = "SEICRY_FE_UYU_9", "SEICRY_FE_UYU_9\SEICRY_FE_UYU_9.csproj", "{814E3ECF-A86D-46B1-921F-D209850C7F68}"
EndProject
Global
	GlobalSection(SolutionConfigurationPlatforms) = preSolution
		Debug|Any CPU = Debug|Any CPU
		Release|Any CPU = Release|Any CPU
	EndGlobalSection
	GlobalSection(ProjectConfigurationPlatforms) = postSolution
		{814E3ECF-A86D-46B1-921F-D209850C7F68}.Debug|Any CPU.ActiveCfg = Debug|Any CPU
		{814E3ECF-A86D-46B1-921F-D209850C7F68}.Debug|Any CPU.Build.0 = Debug|Any CPU
		{814E3ECF-A86D-46B1-921F-D209850C7F68}.Release|Any CPU.ActiveCfg = Release|Any CPU
		{814E3ECF-A86D-46B1-921F-D209850C7F68}.Release|Any CPU.Build.0 = Release|Any CPU
	EndGlobalSection
	GlobalSection(SolutionProperties) = preSolution
		HideSolutionNode = FALSE
	EndGlobalSection
EndGlobal
